
Microsoft Visual Studio Solution File, Format Version 12.00
# Visual Studio Version 16
VisualStudioVersion = 16.0.31005.135
MinimumVisualStudioVersion = 10.0.40219.1
Project("{8BC9CEB8-8B4A-11D0-8D11-00A0C91BC942}") = "Sandbox", "Sandbox\Sandbox.vcxproj", "{59BA5E7D-D4DB-4B73-8DDD-EC67C38DB07F}"
EndProject
Project("{8BC9CEB8-8B4A-11D0-8D11-00A0C91BC942}") = "Fantasy", "Fantasy\Fantasy.vcxproj", "{9B897BA6-6E18-4B65-AB0E-C8BB7A966588}"
EndProject

Global
	GlobalSection(SolutionConfigurationPlatforms) = preSolution
		Debug|x64 = Debug|x64
		Release|x64 = Release|x64
	EndGlobalSection
	GlobalSection(ProjectConfigurationPlatforms) = postSolution
		{9B897BA6-6E18-4B65-AB0E-C8BB7A966588}.Debug|x64.ActiveCfg = Debug|x64
		{9B897BA6-6E18-4B65-AB0E-C8BB7A966588}.Debug|x64.Build.0 = Debug|x64
		{9B897BA6-6E18-4B65-AB0E-C8BB7A966588}.Release|x64.ActiveCfg = Release|x64
		{9B897BA6-6E18-4B65-AB0E-C8BB7A966588}.Release|x64.Build.0 = Release|x64
		{59BA5E7D-D4DB-4B73-8DDD-EC67C38DB07F}.Debug|x64.ActiveCfg = Debug|x64
		{59BA5E7D-D4DB-4B73-8DDD-EC67C38DB07F}.Debug|x64.Build.0 = Debug|x64
		{59BA5E7D-D4DB-4B73-8DDD-EC67C38DB07F}.Release|x64.ActiveCfg = Release|x64
		{59BA5E7D-D4DB-4B73-8DDD-EC67C38DB07F}.Release|x64.Build.0 = Release|x64
	EndGlobalSection
	GlobalSection(SolutionProperties) = preSolution
		HideSolutionNode = FALSE
	EndGlobalSection
	GlobalSection(ExtensibilityGlobals) = postSolution
		SolutionGuid = {2883775C-F600-40F1-A368-1673BAFF7540}
	EndGlobalSection
EndGlobal
